
Microsoft Visual Studio Solution File, Format Version 12.00
# Visual Studio Version 17
VisualStudioVersion = 17.5.002.0
MinimumVisualStudioVersion = 10.0.40219.1
Project("{2150E333-8FDC-42A3-9474-1A3956D46DE8}") = "prepare", "prepare", "{B2B03447-AC9B-4CFC-9B48-26EB5A56B671}"
EndProject
Project("{9A19103F-16F7-4668-BE54-9A1E7A4F7556}") = "Learning02", "prepare\Learning02\Learning02.csproj", "{11067A9F-EC3D-4EA2-95CC-410D0B348C6D}"
EndProject
Project("{9A19103F-16F7-4668-BE54-9A1E7A4F7556}") = "Learning05", "prepare\Learning05\Learning05.csproj", "{4DD44E91-1D55-4D0A-A218-B84E8E8A3702}"
EndProject
Project("{9A19103F-16F7-4668-BE54-9A1E7A4F7556}") = "Learning04", "prepare\Learning04\Learning04.csproj", "{882196BA-2A5E-4668-BE53-E820164BEB83}"
EndProject
Project("{9A19103F-16F7-4668-BE54-9A1E7A4F7556}") = "Learning03", "prepare\Learning03\Learning03.csproj", "{63D4A8F3-DB22-48F0-9629-6B3F1C2AE60B}"
EndProject
Project("{2150E333-8FDC-42A3-9474-1A3956D46DE8}") = "prove", "prove", "{CE960DA5-E9DF-4EB7-B509-1EFEF14066F6}"
EndProject
Project("{9A19103F-16F7-4668-BE54-9A1E7A4F7556}") = "Develop03", "prove\Develop03\Develop03.csproj", "{80A1F45C-6D91-4AE2-9CC6-9C4A4942BB9E}"
EndProject
Project("{9A19103F-16F7-4668-BE54-9A1E7A4F7556}") = "Develop04", "prove\Develop04\Develop04.csproj", "{5D213B6A-E5E9-4273-A2CE-1B96A97F6B86}"
EndProject
Project("{9A19103F-16F7-4668-BE54-9A1E7A4F7556}") = "Develop05", "prove\Develop05\Develop05.csproj", "{D830600D-0323-4C44-9628-A16A24C31F97}"
EndProject
Project("{9A19103F-16F7-4668-BE54-9A1E7A4F7556}") = "Develop02", "prove\Develop02\Develop02.csproj", "{CE8A0BF7-F88C-4E5E-ACB2-DCF06D73E3E8}"
EndProject
Project("{2150E333-8FDC-42A3-9474-1A3956D46DE8}") = "sandbox", "sandbox", "{CB25B5D3-3F1A-4C39-86F3-033264771DBF}"
EndProject
Project("{9A19103F-16F7-4668-BE54-9A1E7A4F7556}") = "Sandbox", "sandbox\Sandbox\Sandbox.csproj", "{F5DD9315-7C41-4A0E-8404-670C9CB0132C}"
EndProject
Project("{2150E333-8FDC-42A3-9474-1A3956D46DE8}") = "final", "final", "{C4A74C4B-E6A7-4DC6-B064-D999BBFBAF99}"
EndProject
Project("{9A19103F-16F7-4668-BE54-9A1E7A4F7556}") = "FinalProject", "final\FinalProject\FinalProject.csproj", "{283B7C2E-1B26-44BF-AFC5-8C094910943B}"
EndProject
Project("{9A19103F-16F7-4668-BE54-9A1E7A4F7556}") = "Foundation1", "final\Foundation1\Foundation1.csproj", "{E6EADCE8-BC11-4890-8815-FBD399FF2936}"
EndProject
Project("{9A19103F-16F7-4668-BE54-9A1E7A4F7556}") = "Foundation4", "final\Foundation4\Foundation4.csproj", "{D3D30018-5EBD-4078-B33A-C486E2192DF5}"
EndProject
Project("{9A19103F-16F7-4668-BE54-9A1E7A4F7556}") = "Foundation3", "final\Foundation3\Foundation3.csproj", "{46F1EC43-75C2-4718-B941-7E93E4C38A5B}"
EndProject
Project("{9A19103F-16F7-4668-BE54-9A1E7A4F7556}") = "Foundation2", "final\Foundation2\Foundation2.csproj", "{E920E470-AF2D-48A5-982C-BAE364F9148B}"
EndProject
Project("{2150E333-8FDC-42A3-9474-1A3956D46DE8}") = "csharp-prep", "csharp-prep", "{C576156B-6ED0-43E0-B3C1-E7128574DEC0}"
EndProject
Project("{9A19103F-16F7-4668-BE54-9A1E7A4F7556}") = "Prep1", "csharp-prep\Prep1\Prep1.csproj", "{BFA2BB74-6320-46A0-9C85-2F5E542961EF}"
EndProject
Project("{9A19103F-16F7-4668-BE54-9A1E7A4F7556}") = "Prep5", "csharp-prep\Prep5\Prep5.csproj", "{AC17E2BC-207C-4823-B9F3-350403A7D383}"
EndProject
Project("{9A19103F-16F7-4668-BE54-9A1E7A4F7556}") = "Prep2", "csharp-prep\Prep2\Prep2.csproj", "{395857E9-1808-4FB2-A20C-74738FC9449A}"
EndProject
Project("{9A19103F-16F7-4668-BE54-9A1E7A4F7556}") = "Prep3", "csharp-prep\Prep3\Prep3.csproj", "{ED4F2CD9-CE10-4F20-8458-76343CF76181}"
EndProject
Project("{9A19103F-16F7-4668-BE54-9A1E7A4F7556}") = "Prep4", "csharp-prep\Prep4\Prep4.csproj", "{51B2A25F-FDF1-4AD4-BE6D-CCAB9F2503EE}"
EndProject
Global
	GlobalSection(SolutionConfigurationPlatforms) = preSolution
		Debug|Any CPU = Debug|Any CPU
		Release|Any CPU = Release|Any CPU
	EndGlobalSection
	GlobalSection(ProjectConfigurationPlatforms) = postSolution
		{11067A9F-EC3D-4EA2-95CC-410D0B348C6D}.Debug|Any CPU.ActiveCfg = Debug|Any CPU
		{11067A9F-EC3D-4EA2-95CC-410D0B348C6D}.Debug|Any CPU.Build.0 = Debug|Any CPU
		{11067A9F-EC3D-4EA2-95CC-410D0B348C6D}.Release|Any CPU.ActiveCfg = Release|Any CPU
		{11067A9F-EC3D-4EA2-95CC-410D0B348C6D}.Release|Any CPU.Build.0 = Release|Any CPU
		{4DD44E91-1D55-4D0A-A218-B84E8E8A3702}.Debug|Any CPU.ActiveCfg = Debug|Any CPU
		{4DD44E91-1D55-4D0A-A218-B84E8E8A3702}.Debug|Any CPU.Build.0 = Debug|Any CPU
		{4DD44E91-1D55-4D0A-A218-B84E8E8A3702}.Release|Any CPU.ActiveCfg = Release|Any CPU
		{4DD44E91-1D55-4D0A-A218-B84E8E8A3702}.Release|Any CPU.Build.0 = Release|Any CPU
		{882196BA-2A5E-4668-BE53-E820164BEB83}.Debug|Any CPU.ActiveCfg = Debug|Any CPU
		{882196BA-2A5E-4668-BE53-E820164BEB83}.Debug|Any CPU.Build.0 = Debug|Any CPU
		{882196BA-2A5E-4668-BE53-E820164BEB83}.Release|Any CPU.ActiveCfg = Release|Any CPU
		{882196BA-2A5E-4668-BE53-E820164BEB83}.Release|Any CPU.Build.0 = Release|Any CPU
		{63D4A8F3-DB22-48F0-9629-6B3F1C2AE60B}.Debug|Any CPU.ActiveCfg = Debug|Any CPU
		{63D4A8F3-DB22-48F0-9629-6B3F1C2AE60B}.Debug|Any CPU.Build.0 = Debug|Any CPU
		{63D4A8F3-DB22-48F0-9629-6B3F1C2AE60B}.Release|Any CPU.ActiveCfg = Release|Any CPU
		{63D4A8F3-DB22-48F0-9629-6B3F1C2AE60B}.Release|Any CPU.Build.0 = Release|Any CPU
		{80A1F45C-6D91-4AE2-9CC6-9C4A4942BB9E}.Debug|Any CPU.ActiveCfg = Debug|Any CPU
		{80A1F45C-6D91-4AE2-9CC6-9C4A4942BB9E}.Debug|Any CPU.Build.0 = Debug|Any CPU
		{80A1F45C-6D91-4AE2-9CC6-9C4A4942BB9E}.Release|Any CPU.ActiveCfg = Release|Any CPU
		{80A1F45C-6D91-4AE2-9CC6-9C4A4942BB9E}.Release|Any CPU.Build.0 = Release|Any CPU
		{5D213B6A-E5E9-4273-A2CE-1B96A97F6B86}.Debug|Any CPU.ActiveCfg = Debug|Any CPU
		{5D213B6A-E5E9-4273-A2CE-1B96A97F6B86}.Debug|Any CPU.Build.0 = Debug|Any CPU
		{5D213B6A-E5E9-4273-A2CE-1B96A97F6B86}.Release|Any CPU.ActiveCfg = Release|Any CPU
		{5D213B6A-E5E9-4273-A2CE-1B96A97F6B86}.Release|Any CPU.Build.0 = Release|Any CPU
		{D830600D-0323-4C44-9628-A16A24C31F97}.Debug|Any CPU.ActiveCfg = Debug|Any CPU
		{D830600D-0323-4C44-9628-A16A24C31F97}.Debug|Any CPU.Build.0 = Debug|Any CPU
		{D830600D-0323-4C44-9628-A16A24C31F97}.Release|Any CPU.ActiveCfg = Release|Any CPU
		{D830600D-0323-4C44-9628-A16A24C31F97}.Release|Any CPU.Build.0 = Release|Any CPU
		{CE8A0BF7-F88C-4E5E-ACB2-DCF06D73E3E8}.Debug|Any CPU.ActiveCfg = Debug|Any CPU
		{CE8A0BF7-F88C-4E5E-ACB2-DCF06D73E3E8}.Debug|Any CPU.Build.0 = Debug|Any CPU
		{CE8A0BF7-F88C-4E5E-ACB2-DCF06D73E3E8}.Release|Any CPU.ActiveCfg = Release|Any CPU
		{CE8A0BF7-F88C-4E5E-ACB2-DCF06D73E3E8}.Release|Any CPU.Build.0 = Release|Any CPU
		{F5DD9315-7C41-4A0E-8404-670C9CB0132C}.Debug|Any CPU.ActiveCfg = Debug|Any CPU
		{F5DD9315-7C41-4A0E-8404-670C9CB0132C}.Debug|Any CPU.Build.0 = Debug|Any CPU
		{F5DD9315-7C41-4A0E-8404-670C9CB0132C}.Release|Any CPU.ActiveCfg = Release|Any CPU
		{F5DD9315-7C41-4A0E-8404-670C9CB0132C}.Release|Any CPU.Build.0 = Release|Any CPU
		{283B7C2E-1B26-44BF-AFC5-8C094910943B}.Debug|Any CPU.ActiveCfg = Debug|Any CPU
		{283B7C2E-1B26-44BF-AFC5-8C094910943B}.Debug|Any CPU.Build.0 = Debug|Any CPU
		{283B7C2E-1B26-44BF-AFC5-8C094910943B}.Release|Any CPU.ActiveCfg = Release|Any CPU
		{283B7C2E-1B26-44BF-AFC5-8C094910943B}.Release|Any CPU.Build.0 = Release|Any CPU
		{E6EADCE8-BC11-4890-8815-FBD399FF2936}.Debug|Any CPU.ActiveCfg = Debug|Any CPU
		{E6EADCE8-BC11-4890-8815-FBD399FF2936}.Debug|Any CPU.Build.0 = Debug|Any CPU
		{E6EADCE8-BC11-4890-8815-FBD399FF2936}.Release|Any CPU.ActiveCfg = Release|Any CPU
		{E6EADCE8-BC11-4890-8815-FBD399FF2936}.Release|Any CPU.Build.0 = Release|Any CPU
		{D3D30018-5EBD-4078-B33A-C486E2192DF5}.Debug|Any CPU.ActiveCfg = Debug|Any CPU
		{D3D30018-5EBD-4078-B33A-C486E2192DF5}.Debug|Any CPU.Build.0 = Debug|Any CPU
		{D3D30018-5EBD-4078-B33A-C486E2192DF5}.Release|Any CPU.ActiveCfg = Release|Any CPU
		{D3D30018-5EBD-4078-B33A-C486E2192DF5}.Release|Any CPU.Build.0 = Release|Any CPU
		{46F1EC43-75C2-4718-B941-7E93E4C38A5B}.Debug|Any CPU.ActiveCfg = Debug|Any CPU
		{46F1EC43-75C2-4718-B941-7E93E4C38A5B}.Debug|Any CPU.Build.0 = Debug|Any CPU
		{46F1EC43-75C2-4718-B941-7E93E4C38A5B}.Release|Any CPU.ActiveCfg = Release|Any CPU
		{46F1EC43-75C2-4718-B941-7E93E4C38A5B}.Release|Any CPU.Build.0 = Release|Any CPU
		{E920E470-AF2D-48A5-982C-BAE364F9148B}.Debug|Any CPU.ActiveCfg = Debug|Any CPU
		{E920E470-AF2D-48A5-982C-BAE364F9148B}.Debug|Any CPU.Build.0 = Debug|Any CPU
		{E920E470-AF2D-48A5-982C-BAE364F9148B}.Release|Any CPU.ActiveCfg = Release|Any CPU
		{E920E470-AF2D-48A5-982C-BAE364F9148B}.Release|Any CPU.Build.0 = Release|Any CPU
		{BFA2BB74-6320-46A0-9C85-2F5E542961EF}.Debug|Any CPU.ActiveCfg = Debug|Any CPU
		{BFA2BB74-6320-46A0-9C85-2F5E542961EF}.Debug|Any CPU.Build.0 = Debug|Any CPU
		{BFA2BB74-6320-46A0-9C85-2F5E542961EF}.Release|Any CPU.ActiveCfg = Release|Any CPU
		{BFA2BB74-6320-46A0-9C85-2F5E542961EF}.Release|Any CPU.Build.0 = Release|Any CPU
		{AC17E2BC-207C-4823-B9F3-350403A7D383}.Debug|Any CPU.ActiveCfg = Debug|Any CPU
		{AC17E2BC-207C-4823-B9F3-350403A7D383}.Debug|Any CPU.Build.0 = Debug|Any CPU
		{AC17E2BC-207C-4823-B9F3-350403A7D383}.Release|Any CPU.ActiveCfg = Release|Any CPU
		{AC17E2BC-207C-4823-B9F3-350403A7D383}.Release|Any CPU.Build.0 = Release|Any CPU
		{395857E9-1808-4FB2-A20C-74738FC9449A}.Debug|Any CPU.ActiveCfg = Debug|Any CPU
		{395857E9-1808-4FB2-A20C-74738FC9449A}.Debug|Any CPU.Build.0 = Debug|Any CPU
		{395857E9-1808-4FB2-A20C-74738FC9449A}.Release|Any CPU.ActiveCfg = Release|Any CPU
		{395857E9-1808-4FB2-A20C-74738FC9449A}.Release|Any CPU.Build.0 = Release|Any CPU
		{ED4F2CD9-CE10-4F20-8458-76343CF76181}.Debug|Any CPU.ActiveCfg = Debug|Any CPU
		{ED4F2CD9-CE10-4F20-8458-76343CF76181}.Debug|Any CPU.Build.0 = Debug|Any CPU
		{ED4F2CD9-CE10-4F20-8458-76343CF76181}.Release|Any CPU.ActiveCfg = Release|Any CPU
		{ED4F2CD9-CE10-4F20-8458-76343CF76181}.Release|Any CPU.Build.0 = Release|Any CPU
		{51B2A25F-FDF1-4AD4-BE6D-CCAB9F2503EE}.Debug|Any CPU.ActiveCfg = Debug|Any CPU
		{51B2A25F-FDF1-4AD4-BE6D-CCAB9F2503EE}.Debug|Any CPU.Build.0 = Debug|Any CPU
		{51B2A25F-FDF1-4AD4-BE6D-CCAB9F2503EE}.Release|Any CPU.ActiveCfg = Release|Any CPU
		{51B2A25F-FDF1-4AD4-BE6D-CCAB9F2503EE}.Release|Any CPU.Build.0 = Release|Any CPU
	EndGlobalSection
	GlobalSection(SolutionProperties) = preSolution
		HideSolutionNode = FALSE
	EndGlobalSection
	GlobalSection(NestedProjects) = preSolution
		{11067A9F-EC3D-4EA2-95CC-410D0B348C6D} = {B2B03447-AC9B-4CFC-9B48-26EB5A56B671}
		{4DD44E91-1D55-4D0A-A218-B84E8E8A3702} = {B2B03447-AC9B-4CFC-9B48-26EB5A56B671}
		{882196BA-2A5E-4668-BE53-E820164BEB83} = {B2B03447-AC9B-4CFC-9B48-26EB5A56B671}
		{63D4A8F3-DB22-48F0-9629-6B3F1C2AE60B} = {B2B03447-AC9B-4CFC-9B48-26EB5A56B671}
		{80A1F45C-6D91-4AE2-9CC6-9C4A4942BB9E} = {CE960DA5-E9DF-4EB7-B509-1EFEF14066F6}
		{5D213B6A-E5E9-4273-A2CE-1B96A97F6B86} = {CE960DA5-E9DF-4EB7-B509-1EFEF14066F6}
		{D830600D-0323-4C44-9628-A16A24C31F97} = {CE960DA5-E9DF-4EB7-B509-1EFEF14066F6}
		{CE8A0BF7-F88C-4E5E-ACB2-DCF06D73E3E8} = {CE960DA5-E9DF-4EB7-B509-1EFEF14066F6}
		{F5DD9315-7C41-4A0E-8404-670C9CB0132C} = {CB25B5D3-3F1A-4C39-86F3-033264771DBF}
		{283B7C2E-1B26-44BF-AFC5-8C094910943B} = {C4A74C4B-E6A7-4DC6-B064-D999BBFBAF99}
		{E6EADCE8-BC11-4890-8815-FBD399FF2936} = {C4A74C4B-E6A7-4DC6-B064-D999BBFBAF99}
		{D3D30018-5EBD-4078-B33A-C486E2192DF5} = {C4A74C4B-E6A7-4DC6-B064-D999BBFBAF99}
		{46F1EC43-75C2-4718-B941-7E93E4C38A5B} = {C4A74C4B-E6A7-4DC6-B064-D999BBFBAF99}
		{E920E470-AF2D-48A5-982C-BAE364F9148B} = {C4A74C4B-E6A7-4DC6-B064-D999BBFBAF99}
		{BFA2BB74-6320-46A0-9C85-2F5E542961EF} = {C576156B-6ED0-43E0-B3C1-E7128574DEC0}
		{AC17E2BC-207C-4823-B9F3-350403A7D383} = {C576156B-6ED0-43E0-B3C1-E7128574DEC0}
		{395857E9-1808-4FB2-A20C-74738FC9449A} = {C576156B-6ED0-43E0-B3C1-E7128574DEC0}
		{ED4F2CD9-CE10-4F20-8458-76343CF76181} = {C576156B-6ED0-43E0-B3C1-E7128574DEC0}
		{51B2A25F-FDF1-4AD4-BE6D-CCAB9F2503EE} = {C576156B-6ED0-43E0-B3C1-E7128574DEC0}
	EndGlobalSection
	GlobalSection(ExtensibilityGlobals) = postSolution
		SolutionGuid = {93EE0B50-6CF0-4CD8-B72D-21DAF559485D}
	EndGlobalSection
EndGlobal
